
Microsoft Visual Studio Solution File, Format Version 12.00
# Visual Studio 15
VisualStudioVersion = 15.0.26430.13
MinimumVisualStudioVersion = 10.0.40219.1
Project("{FAE04EC0-301F-11D3-BF4B-00C04F79EFBC}") = "il2cpp", "il2cpp\il2cpp.csproj", "{885C223F-16AF-434E-9EB5-0FD12DCD5EAA}"
EndProject
Project("{FAE04EC0-301F-11D3-BF4B-00C04F79EFBC}") = "dnlib", "dnlib\src\dnlib.csproj", "{FDFC1237-143F-4919-8318-4926901F4639}"
EndProject
Project("{FAE04EC0-301F-11D3-BF4B-00C04F79EFBC}") = "test", "test\test\test.csproj", "{BE8CC1B3-A719-44B9-8638-2FADEC4FDE0E}"
EndProject
Project("{FAE04EC0-301F-11D3-BF4B-00C04F79EFBC}") = "testcase", "test\testcase\testcase.csproj", "{585BC09B-E762-419E-909D-09D075D4CE12}"
EndProject
Global
	GlobalSection(SolutionConfigurationPlatforms) = preSolution
		Debug|Any CPU = Debug|Any CPU
		Release|Any CPU = Release|Any CPU
	EndGlobalSection
	GlobalSection(ProjectConfigurationPlatforms) = postSolution
		{885C223F-16AF-434E-9EB5-0FD12DCD5EAA}.Debug|Any CPU.ActiveCfg = Debug|Any CPU
		{885C223F-16AF-434E-9EB5-0FD12DCD5EAA}.Debug|Any CPU.Build.0 = Debug|Any CPU
		{885C223F-16AF-434E-9EB5-0FD12DCD5EAA}.Release|Any CPU.ActiveCfg = Release|Any CPU
		{885C223F-16AF-434E-9EB5-0FD12DCD5EAA}.Release|Any CPU.Build.0 = Release|Any CPU
		{FDFC1237-143F-4919-8318-4926901F4639}.Debug|Any CPU.ActiveCfg = Debug|Any CPU
		{FDFC1237-143F-4919-8318-4926901F4639}.Debug|Any CPU.Build.0 = Debug|Any CPU
		{FDFC1237-143F-4919-8318-4926901F4639}.Release|Any CPU.ActiveCfg = Release|Any CPU
		{FDFC1237-143F-4919-8318-4926901F4639}.Release|Any CPU.Build.0 = Release|Any CPU
		{BE8CC1B3-A719-44B9-8638-2FADEC4FDE0E}.Debug|Any CPU.ActiveCfg = Debug|Any CPU
		{BE8CC1B3-A719-44B9-8638-2FADEC4FDE0E}.Debug|Any CPU.Build.0 = Debug|Any CPU
		{BE8CC1B3-A719-44B9-8638-2FADEC4FDE0E}.Release|Any CPU.ActiveCfg = Release|Any CPU
		{BE8CC1B3-A719-44B9-8638-2FADEC4FDE0E}.Release|Any CPU.Build.0 = Release|Any CPU
		{585BC09B-E762-419E-909D-09D075D4CE12}.Debug|Any CPU.ActiveCfg = Debug|Any CPU
		{585BC09B-E762-419E-909D-09D075D4CE12}.Debug|Any CPU.Build.0 = Debug|Any CPU
		{585BC09B-E762-419E-909D-09D075D4CE12}.Release|Any CPU.ActiveCfg = Release|Any CPU
		{585BC09B-E762-419E-909D-09D075D4CE12}.Release|Any CPU.Build.0 = Release|Any CPU
	EndGlobalSection
	GlobalSection(SolutionProperties) = preSolution
		HideSolutionNode = FALSE
	EndGlobalSection
EndGlobal
